// !$*UTF8*$!
{
	archiveVersion = 1;
	classes = {
	};
	objectVersion = 50;
	objects = {

/* Begin PBXBuildFile section */
		2B3A7371209BB4A8005722BB /* project.pbxproj in Frameworks */ = {isa = PBXBuildFile; fileRef = 2B3A7370209BB4A8005722BB /* project.pbxproj */; };
		2B77FC36209BC3B300725B50 /* selectFromTable.cpp in Sources */ = {isa = PBXBuildFile; fileRef = 2B77FC35209BC3B300725B50 /* selectFromTable.cpp */; };
		2B7B3F19209B7D3C008FD482 /* main.cpp in Sources */ = {isa = PBXBuildFile; fileRef = 2B7B3F10209B7D3A008FD482 /* main.cpp */; };
		2B7B3F1D209B7D3C008FD482 /* message.cpp in Sources */ = {isa = PBXBuildFile; fileRef = 2B7B3F17209B7D3B008FD482 /* message.cpp */; };
		2BCCC9F4209E62B300F88139 /* insertIBucketizedEnergyValuesIntoTable.cpp in Sources */ = {isa = PBXBuildFile; fileRef = 2BCCC9F2209E62B300F88139 /* insertIBucketizedEnergyValuesIntoTable.cpp */; };
		2BCCC9F820A1F02100F88139 /* dropTheTable.cpp in Sources */ = {isa = PBXBuildFile; fileRef = 2BCCC9F720A1F02100F88139 /* dropTheTable.cpp */; };
		2BCCC9FB20A1F3D200F88139 /* createTheTable.cpp in Sources */ = {isa = PBXBuildFile; fileRef = 2BCCC9F920A1F3D200F88139 /* createTheTable.cpp */; };
/* End PBXBuildFile section */

/* Begin PBXCopyFilesBuildPhase section */
		2B7B3F02209B7D15008FD482 /* CopyFiles */ = {
			isa = PBXCopyFilesBuildPhase;
			buildActionMask = 2147483647;
			dstPath = /usr/share/man/man1/;
			dstSubfolderSpec = 0;
			files = (
			);
			runOnlyForDeploymentPostprocessing = 1;
		};
/* End PBXCopyFilesBuildPhase section */

/* Begin PBXFileReference section */
		2B3A7370209BB4A8005722BB /* project.pbxproj */ = {isa = PBXFileReference; lastKnownFileType = text.pbxproject; name = project.pbxproj; path = energyUsage.xcodeproj/project.pbxproj; sourceTree = "<group>"; };
		2B77FC35209BC3B300725B50 /* selectFromTable.cpp */ = {isa = PBXFileReference; fileEncoding = 4; lastKnownFileType = sourcecode.cpp.cpp; name = selectFromTable.cpp; path = "../../c++Postgres/c++Postgres/selectFromTable.cpp"; sourceTree = "<group>"; };
		2B77FC37209BC54B00725B50 /* AllocateWorkingVectors.hpp */ = {isa = PBXFileReference; lastKnownFileType = sourcecode.cpp.h; path = AllocateWorkingVectors.hpp; sourceTree = "<group>"; };
		2B7B3F04209B7D15008FD482 /* energyUsage */ = {isa = PBXFileReference; explicitFileType = "compiled.mach-o.executable"; includeInIndex = 0; path = energyUsage; sourceTree = BUILT_PRODUCTS_DIR; };
		2B7B3F0E209B7D3A008FD482 /* myPrototypes.hpp */ = {isa = PBXFileReference; fileEncoding = 4; lastKnownFileType = sourcecode.cpp.h; name = myPrototypes.hpp; path = "../../c++Postgres/c++Postgres/myPrototypes.hpp"; sourceTree = "<group>"; };
		2B7B3F10209B7D3A008FD482 /* main.cpp */ = {isa = PBXFileReference; fileEncoding = 4; lastKnownFileType = sourcecode.cpp.cpp; name = main.cpp; path = "../../c++Postgres/c++Postgres/main.cpp"; sourceTree = "<group>"; };
		2B7B3F13209B7D3B008FD482 /* updateTable.hpp */ = {isa = PBXFileReference; fileEncoding = 4; lastKnownFileType = sourcecode.cpp.h; name = updateTable.hpp; path = "../../c++Postgres/c++Postgres/updateTable.hpp"; sourceTree = "<group>"; };
		2B7B3F14209B7D3B008FD482 /* makeConnectionString.hpp */ = {isa = PBXFileReference; fileEncoding = 4; lastKnownFileType = sourcecode.cpp.h; name = makeConnectionString.hpp; path = "../../c++Postgres/c++Postgres/makeConnectionString.hpp"; sourceTree = "<group>"; };
		2B7B3F15209B7D3B008FD482 /* helpFile.hpp */ = {isa = PBXFileReference; fileEncoding = 4; lastKnownFileType = sourcecode.cpp.h; name = helpFile.hpp; path = "../../c++Postgres/c++Postgres/helpFile.hpp"; sourceTree = "<group>"; };
		2B7B3F17209B7D3B008FD482 /* message.cpp */ = {isa = PBXFileReference; fileEncoding = 4; lastKnownFileType = sourcecode.cpp.cpp; name = message.cpp; path = "../../c++Postgres/c++Postgres/message.cpp"; sourceTree = "<group>"; };
		2BCCC9EB209D29E900F88139 /* isItDayLightSavingsTime.h */ = {isa = PBXFileReference; fileEncoding = 4; lastKnownFileType = sourcecode.c.h; name = isItDayLightSavingsTime.h; path = ../../../C/PG/includes/isItDayLightSavingsTime.h; sourceTree = "<group>"; };
		2BCCC9F0209D310900F88139 /* julianToGregorian.hpp */ = {isa = PBXFileReference; lastKnownFileType = sourcecode.cpp.h; path = julianToGregorian.hpp; sourceTree = "<group>"; };
		2BCCC9F2209E62B300F88139 /* insertIBucketizedEnergyValuesIntoTable.cpp */ = {isa = PBXFileReference; lastKnownFileType = sourcecode.cpp.cpp; path = insertIBucketizedEnergyValuesIntoTable.cpp; sourceTree = "<group>"; };
		2BCCC9F3209E62B300F88139 /* insertIBucketizedEnergyValuesIntoTable.hpp */ = {isa = PBXFileReference; lastKnownFileType = sourcecode.cpp.h; path = insertIBucketizedEnergyValuesIntoTable.hpp; sourceTree = "<group>"; };
		2BCCC9F720A1F02100F88139 /* dropTheTable.cpp */ = {isa = PBXFileReference; lastKnownFileType = sourcecode.cpp.cpp; path = dropTheTable.cpp; sourceTree = "<group>"; };
		2BCCC9F920A1F3D200F88139 /* createTheTable.cpp */ = {isa = PBXFileReference; lastKnownFileType = sourcecode.cpp.cpp; path = createTheTable.cpp; sourceTree = "<group>"; };
		2BCCC9FC20A46E0100F88139 /* BitFlags.hpp */ = {isa = PBXFileReference; lastKnownFileType = sourcecode.cpp.h; path = BitFlags.hpp; sourceTree = "<group>"; };
/* End PBXFileReference section */

/* Begin PBXFrameworksBuildPhase section */
		2B7B3F01209B7D15008FD482 /* Frameworks */ = {
			isa = PBXFrameworksBuildPhase;
			buildActionMask = 2147483647;
			files = (
				2B3A7371209BB4A8005722BB /* project.pbxproj in Frameworks */,
			);
			runOnlyForDeploymentPostprocessing = 0;
		};
/* End PBXFrameworksBuildPhase section */

/* Begin PBXGroup section */
		2B3A736F209BB4A8005722BB /* Frameworks */ = {
			isa = PBXGroup;
			children = (
				2B3A7370209BB4A8005722BB /* project.pbxproj */,
			);
			name = Frameworks;
			sourceTree = "<group>";
		};
		2B7B3EFB209B7D15008FD482 = {
			isa = PBXGroup;
			children = (
				2B7B3F06209B7D15008FD482 /* energyUsage */,
				2B7B3F05209B7D15008FD482 /* Products */,
				2B3A736F209BB4A8005722BB /* Frameworks */,
			);
			sourceTree = "<group>";
		};
		2B7B3F05209B7D15008FD482 /* Products */ = {
			isa = PBXGroup;
			children = (
				2B7B3F04209B7D15008FD482 /* energyUsage */,
			);
			name = Products;
			sourceTree = "<group>";
		};
		2B7B3F06209B7D15008FD482 /* energyUsage */ = {
			isa = PBXGroup;
			children = (
				2BCCC9F0209D310900F88139 /* julianToGregorian.hpp */,
				2B7B3F15209B7D3B008FD482 /* helpFile.hpp */,
				2BCCC9FC20A46E0100F88139 /* BitFlags.hpp */,
				2B7B3F14209B7D3B008FD482 /* makeConnectionString.hpp */,
				2B77FC37209BC54B00725B50 /* AllocateWorkingVectors.hpp */,
				2B7B3F0E209B7D3A008FD482 /* myPrototypes.hpp */,
				2B7B3F13209B7D3B008FD482 /* updateTable.hpp */,
				2BCCC9EB209D29E900F88139 /* isItDayLightSavingsTime.h */,
				2BCCC9F3209E62B300F88139 /* insertIBucketizedEnergyValuesIntoTable.hpp */,
				2B7B3F10209B7D3A008FD482 /* main.cpp */,
				2BCCC9F2209E62B300F88139 /* insertIBucketizedEnergyValuesIntoTable.cpp */,
				2B77FC35209BC3B300725B50 /* selectFromTable.cpp */,
				2BCCC9F720A1F02100F88139 /* dropTheTable.cpp */,
				2BCCC9F920A1F3D200F88139 /* createTheTable.cpp */,
				2B7B3F17209B7D3B008FD482 /* message.cpp */,
			);
			path = energyUsage;
			sourceTree = "<group>";
		};
/* End PBXGroup section */

/* Begin PBXNativeTarget section */
		2B7B3F03209B7D15008FD482 /* energyUsage */ = {
			isa = PBXNativeTarget;
			buildConfigurationList = 2B7B3F0B209B7D15008FD482 /* Build configuration list for PBXNativeTarget "energyUsage" */;
			buildPhases = (
				2B7B3F00209B7D15008FD482 /* Sources */,
				2B7B3F01209B7D15008FD482 /* Frameworks */,
				2B7B3F02209B7D15008FD482 /* CopyFiles */,
			);
			buildRules = (
			);
			dependencies = (
			);
			name = energyUsage;
			productName = energyUsage;
			productReference = 2B7B3F04209B7D15008FD482 /* energyUsage */;
			productType = "com.apple.product-type.tool";
		};
/* End PBXNativeTarget section */

/* Begin PBXProject section */
		2B7B3EFC209B7D15008FD482 /* Project object */ = {
			isa = PBXProject;
			attributes = {
				LastUpgradeCheck = 0930;
				ORGANIZATIONNAME = CliffordCampo;
				TargetAttributes = {
					2B7B3F03209B7D15008FD482 = {
						CreatedOnToolsVersion = 9.3;
					};
				};
			};
			buildConfigurationList = 2B7B3EFF209B7D15008FD482 /* Build configuration list for PBXProject "energyUsage" */;
			compatibilityVersion = "Xcode 9.3";
			developmentRegion = en;
			hasScannedForEncodings = 0;
			knownRegions = (
				en,
			);
			mainGroup = 2B7B3EFB209B7D15008FD482;
			productRefGroup = 2B7B3F05209B7D15008FD482 /* Products */;
			projectDirPath = "";
			projectRoot = "";
			targets = (
				2B7B3F03209B7D15008FD482 /* energyUsage */,
			);
		};
/* End PBXProject section */

/* Begin PBXSourcesBuildPhase section */
		2B7B3F00209B7D15008FD482 /* Sources */ = {
			isa = PBXSourcesBuildPhase;
			buildActionMask = 2147483647;
			files = (
				2B77FC36209BC3B300725B50 /* selectFromTable.cpp in Sources */,
				2B7B3F19209B7D3C008FD482 /* main.cpp in Sources */,
				2BCCC9FB20A1F3D200F88139 /* createTheTable.cpp in Sources */,
				2B7B3F1D209B7D3C008FD482 /* message.cpp in Sources */,
				2BCCC9F4209E62B300F88139 /* insertIBucketizedEnergyValuesIntoTable.cpp in Sources */,
				2BCCC9F820A1F02100F88139 /* dropTheTable.cpp in Sources */,
			);
			runOnlyForDeploymentPostprocessing = 0;
		};
/* End PBXSourcesBuildPhase section */

/* Begin XCBuildConfiguration section */
		2B7B3F09209B7D15008FD482 /* Debug */ = {
			isa = XCBuildConfiguration;
			buildSettings = {
				ALWAYS_SEARCH_USER_PATHS = NO;
				CLANG_ANALYZER_NONNULL = YES;
				CLANG_ANALYZER_NUMBER_OBJECT_CONVERSION = YES_AGGRESSIVE;
				CLANG_CXX_LANGUAGE_STANDARD = "gnu++14";
				CLANG_CXX_LIBRARY = "libc++";
				CLANG_ENABLE_MODULES = YES;
				CLANG_ENABLE_OBJC_ARC = YES;
				CLANG_ENABLE_OBJC_WEAK = YES;
				CLANG_WARN_BLOCK_CAPTURE_AUTORELEASING = YES;
				CLANG_WARN_BOOL_CONVERSION = YES;
				CLANG_WARN_COMMA = YES;
				CLANG_WARN_CONSTANT_CONVERSION = YES;
				CLANG_WARN_DEPRECATED_OBJC_IMPLEMENTATIONS = YES;
				CLANG_WARN_DIRECT_OBJC_ISA_USAGE = YES_ERROR;
				CLANG_WARN_DOCUMENTATION_COMMENTS = YES;
				CLANG_WARN_EMPTY_BODY = YES;
				CLANG_WARN_ENUM_CONVERSION = YES;
				CLANG_WARN_INFINITE_RECURSION = YES;
				CLANG_WARN_INT_CONVERSION = YES;
				CLANG_WARN_NON_LITERAL_NULL_CONVERSION = YES;
				CLANG_WARN_OBJC_IMPLICIT_RETAIN_SELF = YES;
				CLANG_WARN_OBJC_LITERAL_CONVERSION = YES;
				CLANG_WARN_OBJC_ROOT_CLASS = YES_ERROR;
				CLANG_WARN_RANGE_LOOP_ANALYSIS = YES;
				CLANG_WARN_STRICT_PROTOTYPES = YES;
				CLANG_WARN_SUSPICIOUS_MOVE = YES;
				CLANG_WARN_UNGUARDED_AVAILABILITY = YES_AGGRESSIVE;
				CLANG_WARN_UNREACHABLE_CODE = YES;
				CLANG_WARN__DUPLICATE_METHOD_MATCH = YES;
				CODE_SIGN_IDENTITY = "-";
				COPY_PHASE_STRIP = NO;
				DEBUG_INFORMATION_FORMAT = dwarf;
				ENABLE_STRICT_OBJC_MSGSEND = YES;
				ENABLE_TESTABILITY = YES;
				GCC_C_LANGUAGE_STANDARD = gnu11;
				GCC_DYNAMIC_NO_PIC = NO;
				GCC_NO_COMMON_BLOCKS = YES;
				GCC_OPTIMIZATION_LEVEL = 0;
				GCC_PREPROCESSOR_DEFINITIONS = (
					"DEBUG=1",
					"$(inherited)",
				);
				GCC_WARN_64_TO_32_BIT_CONVERSION = YES;
				GCC_WARN_ABOUT_RETURN_TYPE = YES_ERROR;
				GCC_WARN_UNDECLARED_SELECTOR = YES;
				GCC_WARN_UNINITIALIZED_AUTOS = YES_AGGRESSIVE;
				GCC_WARN_UNUSED_FUNCTION = YES;
				GCC_WARN_UNUSED_VARIABLE = YES;
				"HEADER_SEARCH_PATHS[arch=*]" = /usr/local/include;
				"LIBRARY_SEARCH_PATHS[arch=*]" = /usr/local/lib;
				MACOSX_DEPLOYMENT_TARGET = 10.13;
				MTL_ENABLE_DEBUG_INFO = YES;
				ONLY_ACTIVE_ARCH = YES;
				"OTHER_LDFLAGS[arch=*]" = (
					"-lpq",
					"-lpqxx",
					"-lgsl",
				);
				SDKROOT = macosx;
			};
			name = Debug;
		};
		2B7B3F0A209B7D15008FD482 /* Release */ = {
			isa = XCBuildConfiguration;
			buildSettings = {
				ALWAYS_SEARCH_USER_PATHS = NO;
				CLANG_ANALYZER_NONNULL = YES;
				CLANG_ANALYZER_NUMBER_OBJECT_CONVERSION = YES_AGGRESSIVE;
				CLANG_CXX_LANGUAGE_STANDARD = "gnu++14";
				CLANG_CXX_LIBRARY = "libc++";
				CLANG_ENABLE_MODULES = YES;
				CLANG_ENABLE_OBJC_ARC = YES;
				CLANG_ENABLE_OBJC_WEAK = YES;
				CLANG_WARN_BLOCK_CAPTURE_AUTORELEASING = YES;
				CLANG_WARN_BOOL_CONVERSION = YES;
				CLANG_WARN_COMMA = YES;
				CLANG_WARN_CONSTANT_CONVERSION = YES;
				CLANG_WARN_DEPRECATED_OBJC_IMPLEMENTATIONS = YES;
				CLANG_WARN_DIRECT_OBJC_ISA_USAGE = YES_ERROR;
				CLANG_WARN_DOCUMENTATION_COMMENTS = YES;
				CLANG_WARN_EMPTY_BODY = YES;
				CLANG_WARN_ENUM_CONVERSION = YES;
				CLANG_WARN_INFINITE_RECURSION = YES;
				CLANG_WARN_INT_CONVERSION = YES;
				CLANG_WARN_NON_LITERAL_NULL_CONVERSION = YES;
				CLANG_WARN_OBJC_IMPLICIT_RETAIN_SELF = YES;
				CLANG_WARN_OBJC_LITERAL_CONVERSION = YES;
				CLANG_WARN_OBJC_ROOT_CLASS = YES_ERROR;
				CLANG_WARN_RANGE_LOOP_ANALYSIS = YES;
				CLANG_WARN_STRICT_PROTOTYPES = YES;
				CLANG_WARN_SUSPICIOUS_MOVE = YES;
				CLANG_WARN_UNGUARDED_AVAILABILITY = YES_AGGRESSIVE;
				CLANG_WARN_UNREACHABLE_CODE = YES;
				CLANG_WARN__DUPLICATE_METHOD_MATCH = YES;
				CODE_SIGN_IDENTITY = "-";
				COPY_PHASE_STRIP = NO;
				DEBUG_INFORMATION_FORMAT = "dwarf-with-dsym";
				ENABLE_NS_ASSERTIONS = NO;
				ENABLE_STRICT_OBJC_MSGSEND = YES;
				GCC_C_LANGUAGE_STANDARD = gnu11;
				GCC_NO_COMMON_BLOCKS = YES;
				GCC_OPTIMIZATION_LEVEL = 0;
				GCC_WARN_64_TO_32_BIT_CONVERSION = YES;
				GCC_WARN_ABOUT_RETURN_TYPE = YES_ERROR;
				GCC_WARN_UNDECLARED_SELECTOR = YES;
				GCC_WARN_UNINITIALIZED_AUTOS = YES_AGGRESSIVE;
				GCC_WARN_UNUSED_FUNCTION = YES;
				GCC_WARN_UNUSED_VARIABLE = YES;
				MACOSX_DEPLOYMENT_TARGET = 10.13;
				MTL_ENABLE_DEBUG_INFO = NO;
				SDKROOT = macosx;
			};
			name = Release;
		};
		2B7B3F0C209B7D15008FD482 /* Debug */ = {
			isa = XCBuildConfiguration;
			buildSettings = {
				CODE_SIGN_STYLE = Automatic;
				"LD_MAP_FILE_PATH[arch=*]" = "$(TARGET_TEMP_DIR)/$(PRODUCT_NAME)-LinkMap-$(CURRENT_VARIANT)-$(CURRENT_ARCH).txt";
				PRODUCT_NAME = "$(TARGET_NAME)";
			};
			name = Debug;
		};
		2B7B3F0D209B7D15008FD482 /* Release */ = {
			isa = XCBuildConfiguration;
			buildSettings = {
				CODE_SIGN_STYLE = Automatic;
				GCC_OPTIMIZATION_LEVEL = 0;
				PRODUCT_NAME = "$(TARGET_NAME)";
			};
			name = Release;
		};
/* End XCBuildConfiguration section */

/* Begin XCConfigurationList section */
		2B7B3EFF209B7D15008FD482 /* Build configuration list for PBXProject "energyUsage" */ = {
			isa = XCConfigurationList;
			buildConfigurations = (
				2B7B3F09209B7D15008FD482 /* Debug */,
				2B7B3F0A209B7D15008FD482 /* Release */,
			);
			defaultConfigurationIsVisible = 0;
			defaultConfigurationName = Release;
		};
		2B7B3F0B209B7D15008FD482 /* Build configuration list for PBXNativeTarget "energyUsage" */ = {
			isa = XCConfigurationList;
			buildConfigurations = (
				2B7B3F0C209B7D15008FD482 /* Debug */,
				2B7B3F0D209B7D15008FD482 /* Release */,
			);
			defaultConfigurationIsVisible = 0;
			defaultConfigurationName = Release;
		};
/* End XCConfigurationList section */
	};
	rootObject = 2B7B3EFC209B7D15008FD482 /* Project object */;
}
